
Microsoft Visual Studio Solution File, Format Version 12.00
# Visual Studio Version 16
VisualStudioVersion = 16.0.31424.327
MinimumVisualStudioVersion = 10.0.40219.1
Project("{9A19103F-16F7-4668-BE54-9A1E7A4F7556}") = "AvalaraChallenge", "AvalaraChallenge\AvalaraChallenge.csproj", "{3BD9B97D-9D77-492C-B74C-2215A2F245C6}"
EndProject
Project("{FAE04EC0-301F-11D3-BF4B-00C04F79EFBC}") = "AvalaraChallenge.Tests", "AvalaraChallenge.Tests\AvalaraChallenge.Tests.csproj", "{A8F056CA-CCAF-49A0-AA81-832952812D32}"
EndProject
Global
	GlobalSection(SolutionConfigurationPlatforms) = preSolution
		Debug|Any CPU = Debug|Any CPU
		Release|Any CPU = Release|Any CPU
	EndGlobalSection
	GlobalSection(ProjectConfigurationPlatforms) = postSolution
		{3BD9B97D-9D77-492C-B74C-2215A2F245C6}.Debug|Any CPU.ActiveCfg = Debug|Any CPU
		{3BD9B97D-9D77-492C-B74C-2215A2F245C6}.Debug|Any CPU.Build.0 = Debug|Any CPU
		{3BD9B97D-9D77-492C-B74C-2215A2F245C6}.Release|Any CPU.ActiveCfg = Release|Any CPU
		{3BD9B97D-9D77-492C-B74C-2215A2F245C6}.Release|Any CPU.Build.0 = Release|Any CPU
		{A8F056CA-CCAF-49A0-AA81-832952812D32}.Debug|Any CPU.ActiveCfg = Debug|Any CPU
		{A8F056CA-CCAF-49A0-AA81-832952812D32}.Debug|Any CPU.Build.0 = Debug|Any CPU
		{A8F056CA-CCAF-49A0-AA81-832952812D32}.Release|Any CPU.ActiveCfg = Release|Any CPU
		{A8F056CA-CCAF-49A0-AA81-832952812D32}.Release|Any CPU.Build.0 = Release|Any CPU
	EndGlobalSection
	GlobalSection(SolutionProperties) = preSolution
		HideSolutionNode = FALSE
	EndGlobalSection
	GlobalSection(ExtensibilityGlobals) = postSolution
		SolutionGuid = {2E1BB87D-E604-4829-ABFC-5182D8155C9E}
	EndGlobalSection
EndGlobal
